{
  "name": "dodo",
  "version": "1.0.0",
  "lockfileVersion": 1,
  "requires": true,
  "dependencies": {
    "dialog-polyfill": {
      "version": "0.4.9",
      "resolved": "https://registry.npmjs.org/dialog-polyfill/-/dialog-polyfill-0.4.9.tgz",
      "integrity": "sha512-iM4ZXRLOA/qpbW6XznGOq7Iq58JoXhZGo+OMG8K3wFxvIatnMTnIancLGEKa6WYy6oTkndfb2UXQ6FGtoUBn1g=="
    },
    "immediate": {
      "version": "3.0.6",
      "resolved": "https://registry.npmjs.org/immediate/-/immediate-3.0.6.tgz",
      "integrity": "sha1-nbHb0Pr43m++D13V5Wu2BigN5ps="
    },
    "lie": {
      "version": "3.1.1",
      "resolved": "https://registry.npmjs.org/lie/-/lie-3.1.1.tgz",
      "integrity": "sha1-mkNrLMd0bKWd56QfpGmz77dr2H4=",
      "requires": {
        "immediate": "~3.0.5"
      }
    },
    "localforage": {
      "version": "1.7.1",
      "resolved": "https://registry.npmjs.org/localforage/-/localforage-1.7.1.tgz",
      "integrity": "sha1-5JJ+BCMCuGTbMPMhHxO1xvDell0=",
      "requires": {
        "lie": "3.1.1"
      }
    }
  }
}
